lockfileVersion: '9.0'

settings:
  autoInstallPeers: true
  excludeLinksFromLockfile: false

importers:

  .:
    dependencies:
      '@types/node':
        specifier: ^22.13.5
        version: 22.13.5
      gray-matter:
        specifier: ^4.0.3
        version: 4.0.3
      typescript:
        specifier: ^5.7.3
        version: 5.7.3

packages:

  '@types/node@22.13.5':
    resolution: {integrity: sha512-+lTU0PxZXn0Dr1NBtC7Y8cR21AJr87dLLU953CWA6pMxxv/UDc7jYAY90upcrie1nRcD6XNG5HOYEDtgW5TxAg==}

  argparse@1.0.10:
    resolution: {integrity: sha512-o5Roy6tNG4SL/FOkCAN6RzjiakZS25RLYFrcMttJqbdd8BWrnA+fGz57iN5Pb06pvBGvl5gQ0B48dJlslXvoTg==}

  esprima@4.0.1:
    resolution: {integrity: sha512-eGuFFw7Upda+g4p+QHvnW0RyTX/SVeJBDM/gCtMARO0cLuT2HcEKnTPvhjV6aGeqrCB/sbNop0Kszm0jsaWU4A==}
    engines: {node: '>=4'}
    hasBin: true

  extend-shallow@2.0.1:
    resolution: {integrity: sha512-zCnTtlxNoAiDc3gqY2aYAWFx7XWWiasuF2K8Me5WbN8otHKTUKBwjPtNpRs/rbUZm7KxWAaNj7P1a/p52GbVug==}
    engines: {node: '>=0.10.0'}

  gray-matter@4.0.3:
    resolution: {integrity: sha512-5v6yZd4JK3eMI3FqqCouswVqwugaA9r4dNZB1wwcmrD02QkV5H0y7XBQW8QwQqEaZY1pM9aqORSORhJRdNK44Q==}
    engines: {node: '>=6.0'}

  is-extendable@0.1.1:
    resolution: {integrity: sha512-5BMULNob1vgFX6EjQw5izWDxrecWK9AM72rugNr0TFldMOi0fj6Jk+zeKIt0xGj4cEfQIJth4w3OKWOJ4f+AFw==}
    engines: {node: '>=0.10.0'}

  js-yaml@3.14.1:
    resolution: {integrity: sha512-okMH7OXXJ7YrN9Ok3/SXrnu4iX9yOk+25nqX4imS2npuvTYDmo/QEZoqwZkYaIDk3jVvBOTOIEgEhaLOynBS9g==}
    hasBin: true

  kind-of@6.0.3:
    resolution: {integrity: sha512-dcS1ul+9tmeD95T+x28/ehLgd9mENa3LsvDTtzm3vyBEO7RPptvAD+t44WVXaUjTBRcrpFeFlC8WCruUR456hw==}
    engines: {node: '>=0.10.0'}

  section-matter@1.0.0:
    resolution: {integrity: sha512-vfD3pmTzGpufjScBh50YHKzEu2lxBWhVEHsNGoEXmCmn2hKGfeNLYMzCJpe8cD7gqX7TJluOVpBkAequ6dgMmA==}
    engines: {node: '>=4'}

  sprintf-js@1.0.3:
    resolution: {integrity: sha512-D9cPgkvLlV3t3IzL0D0YLvGA9Ahk4PcvVwUbN0dSGr1aP0Nrt4AEnTUbuGvquEC0mA64Gqt1fzirlRs5ibXx8g==}

  strip-bom-string@1.0.0:
    resolution: {integrity: sha512-uCC2VHvQRYu+lMh4My/sFNmF2klFymLX1wHJeXnbEJERpV/ZsVuonzerjfrGpIGF7LBVa1O7i9kjiWvJiFck8g==}
    engines: {node: '>=0.10.0'}

  typescript@5.7.3:
    resolution: {integrity: sha512-84MVSjMEHP+FQRPy3pX9sTVV/INIex71s9TL2Gm5FG/WG1SqXeKyZ0k7/blY/4FdOzI12CBy1vGc4og/eus0fw==}
    engines: {node: '>=14.17'}
    hasBin: true

  undici-types@6.20.0:
    resolution: {integrity: sha512-Ny6QZ2Nju20vw1SRHe3d9jVu6gJ+4e3+MMpqu7pqE5HT6WsTSlce++GQmK5UXS8mzV8DSYHrQH+Xrf2jVcuKNg==}

snapshots:

  '@types/node@22.13.5':
    dependencies:
      undici-types: 6.20.0

  argparse@1.0.10:
    dependencies:
      sprintf-js: 1.0.3

  esprima@4.0.1: {}

  extend-shallow@2.0.1:
    dependencies:
      is-extendable: 0.1.1

  gray-matter@4.0.3:
    dependencies:
      js-yaml: 3.14.1
      kind-of: 6.0.3
      section-matter: 1.0.0
      strip-bom-string: 1.0.0

  is-extendable@0.1.1: {}

  js-yaml@3.14.1:
    dependencies:
      argparse: 1.0.10
      esprima: 4.0.1

  kind-of@6.0.3: {}

  section-matter@1.0.0:
    dependencies:
      extend-shallow: 2.0.1
      kind-of: 6.0.3

  sprintf-js@1.0.3: {}

  strip-bom-string@1.0.0: {}

  typescript@5.7.3: {}

  undici-types@6.20.0: {}
